
Microsoft Visual Studio Solution File, Format Version 12.00
# Visual Studio Version 17
VisualStudioVersion = 17.5.002.0
MinimumVisualStudioVersion = 10.0.40219.1
Project("{9A19103F-16F7-4668-BE54-9A1E7A4F7556}") = "WebXR", "WebXR\WebXR.csproj", "{B0A6F151-475C-4C67-A230-66636473BCDD}"
EndProject
Global
	GlobalSection(SolutionConfigurationPlatforms) = preSolution
		Debug|Any CPU = Debug|Any CPU
		Release|Any CPU = Release|Any CPU
	EndGlobalSection
	GlobalSection(ProjectConfigurationPlatforms) = postSolution
		{B0A6F151-475C-4C67-A230-66636473BCDD}.Debug|Any CPU.ActiveCfg = Debug|Any CPU
		{B0A6F151-475C-4C67-A230-66636473BCDD}.Debug|Any CPU.Build.0 = Debug|Any CPU
		{B0A6F151-475C-4C67-A230-66636473BCDD}.Release|Any CPU.ActiveCfg = Release|Any CPU
		{B0A6F151-475C-4C67-A230-66636473BCDD}.Release|Any CPU.Build.0 = Release|Any CPU
	EndGlobalSection
	GlobalSection(SolutionProperties) = preSolution
		HideSolutionNode = FALSE
	EndGlobalSection
	GlobalSection(ExtensibilityGlobals) = postSolution
		SolutionGuid = {724CDC78-01B7-4FAD-B643-CA4C0F77837F}
	EndGlobalSection
EndGlobal
